<?xml version="1.0" encoding="UTF-8"?>
<Scheme
   LastUpgradeVersion = "0630"
   version = "1.7">
   <BuildAction
      parallelizeBuildables = "NO"
      buildImplicitDependencies = "YES">
      <PreActions>
         <ExecutionAction
            ActionType = "Xcode.IDEStandardExecutionActionsCore.ExecutionActionType.ShellScriptAction">
            <ActionContent
               title = "Run Script"
               scriptText = "&#10;&#10;HEADER=&quot;${PROJECT_NAME}.h&quot;&#10;[[ -z &quot;${DERIVED_FILE_DIR}/$HEADER&quot; ]] &amp;&amp; rm -f &quot;${BUILT_PRODUCTS_DIR}/$HEADER&quot;&#10;&#10;&#10;&#10;">
               <EnvironmentBuildable>
                  <BuildableReference
                     BuildableIdentifier = "primary"
                     BlueprintIdentifier = "7BFDE18F1AE1483D0012A607"
                     BuildableName = "_ObjC"
                     BlueprintName = "_ObjC"
                     ReferencedContainer = "container:_ObjC.xcodeproj">
                  </BuildableReference>
               </EnvironmentBuildable>
            </ActionContent>
         </ExecutionAction>
      </PreActions>
      <PostActions>
         <ExecutionAction
            ActionType = "Xcode.IDEStandardExecutionActionsCore.ExecutionActionType.ShellScriptAction">
            <ActionContent
               title = "Run Script"
               scriptText = "&#10;&#10;HEADER=&quot;${PROJECT_NAME}.h&quot;&#10;[[ -z &quot;${DERIVED_FILE_DIR}/$HEADER&quot; ]] &amp;&amp; rm -f &quot;${BUILT_PRODUCTS_DIR}/$HEADER&quot;&#10;&#10;&#10;&#10;">
               <EnvironmentBuildable>
                  <BuildableReference
                     BuildableIdentifier = "primary"
                     BlueprintIdentifier = "7BFDE18F1AE1483D0012A607"
                     BuildableName = "_ObjC"
                     BlueprintName = "_ObjC"
                     ReferencedContainer = "container:_ObjC.xcodeproj">
                  </BuildableReference>
               </EnvironmentBuildable>
            </ActionContent>
         </ExecutionAction>
      </PostActions>
      <BuildActionEntries>
         <BuildActionEntry
            buildForTesting = "YES"
            buildForRunning = "YES"
            buildForProfiling = "YES"
            buildForArchiving = "YES"
            buildForAnalyzing = "YES">
            <BuildableReference
               BuildableIdentifier = "primary"
               BlueprintIdentifier = "7BFDE18F1AE1483D0012A607"
               BuildableName = "_ObjC"
               BlueprintName = "_ObjC"
               ReferencedContainer = "container:_ObjC.xcodeproj">
            </BuildableReference>
         </BuildActionEntry>
         <BuildActionEntry
            buildForTesting = "YES"
            buildForRunning = "NO"
            buildForProfiling = "NO"
            buildForArchiving = "NO"
            buildForAnalyzing = "NO">
            <BuildableReference
               BuildableIdentifier = "primary"
               BlueprintIdentifier = "7B9B40321AC14EB6002EDD01"
               BuildableName = "_ObjC_Tests.xctest"
               BlueprintName = "_ObjC_Tests"
               ReferencedContainer = "container:_ObjC.xcodeproj">
            </BuildableReference>
         </BuildActionEntry>
      </BuildActionEntries>
   </BuildAction>
   <TestAction
      selectedDebuggerIdentifier = "Xcode.DebuggerFoundation.Debugger.LLDB"
      selectedLauncherIdentifier = "Xcode.DebuggerFoundation.Launcher.LLDB"
      shouldUseLaunchSchemeArgsEnv = "YES"
      buildConfiguration = "Debug">
      <Testables>
         <TestableReference
            skipped = "NO">
            <BuildableReference
               BuildableIdentifier = "primary"
               BlueprintIdentifier = "7B9B40321AC14EB6002EDD01"
               BuildableName = "_ObjC_Tests.xctest"
               BlueprintName = "_ObjC_Tests"
               ReferencedContainer = "container:_ObjC.xcodeproj">
            </BuildableReference>
         </TestableReference>
      </Testables>
      <MacroExpansion>
         <BuildableReference
            BuildableIdentifier = "primary"
            BlueprintIdentifier = "7BFDE18F1AE1483D0012A607"
            BuildableName = "_ObjC"
            BlueprintName = "_ObjC"
            ReferencedContainer = "container:_ObjC.xcodeproj">
         </BuildableReference>
      </MacroExpansion>
   </TestAction>
   <LaunchAction
      selectedDebuggerIdentifier = "Xcode.DebuggerFoundation.Debugger.LLDB"
      selectedLauncherIdentifier = "Xcode.DebuggerFoundation.Launcher.LLDB"
      launchStyle = "0"
      useCustomWorkingDirectory = "NO"
      buildConfiguration = "Debug"
      ignoresPersistentStateOnLaunch = "NO"
      debugDocumentVersioning = "YES"
      allowLocationSimulation = "YES">
      <MacroExpansion>
         <BuildableReference
            BuildableIdentifier = "primary"
            BlueprintIdentifier = "7BFDE18F1AE1483D0012A607"
            BuildableName = "_ObjC"
            BlueprintName = "_ObjC"
            ReferencedContainer = "container:_ObjC.xcodeproj">
         </BuildableReference>
      </MacroExpansion>
      <AdditionalOptions>
      </AdditionalOptions>
   </LaunchAction>
   <ProfileAction
      shouldUseLaunchSchemeArgsEnv = "YES"
      savedToolIdentifier = ""
      useCustomWorkingDirectory = "NO"
      buildConfiguration = "Release"
      debugDocumentVersioning = "YES">
      <MacroExpansion>
         <BuildableReference
            BuildableIdentifier = "primary"
            BlueprintIdentifier = "7BFDE18F1AE1483D0012A607"
            BuildableName = "_ObjC"
            BlueprintName = "_ObjC"
            ReferencedContainer = "container:_ObjC.xcodeproj">
         </BuildableReference>
      </MacroExpansion>
   </ProfileAction>
   <AnalyzeAction
      buildConfiguration = "Debug">
   </AnalyzeAction>
   <ArchiveAction
      buildConfiguration = "Release"
      revealArchiveInOrganizer = "YES">
   </ArchiveAction>
</Scheme>
