// !$*UTF8*$!
{
	archiveVersion = 1;
	classes = {
	};
	objectVersion = 46;
	objects = {

/* Begin PBXBuildFile section */
		7B3835811AC681DA00D617B9 /* _ObjC_Tool.m in Sources */ = {isa = PBXBuildFile; fileRef = 7B9B40411AC14ED5002EDD01 /* _ObjC_Tool.m */; };
		7B9B40501AC14F6E002EDD01 /* _ObjC_Tests.m in Sources */ = {isa = PBXBuildFile; fileRef = 7B9B404F1AC14F6E002EDD01 /* _ObjC_Tests.m */; };
/* End PBXBuildFile section */

/* Begin PBXFileReference section */
		7B0E207F1AEA54B900C955CF /* Universal.xcconfig */ = {isa = PBXFileReference; lastKnownFileType = text.xcconfig; name = Universal.xcconfig; path = Universal/Universal.xcconfig; sourceTree = SOURCE_ROOT; };
		7B32D8A31AE5873C00062CB8 /* Makefile */ = {isa = PBXFileReference; lastKnownFileType = sourcecode.make; path = Makefile; sourceTree = "<group>"; usesTabs = 1; wrapsLines = 1; xcLanguageSpecificationIdentifier = xcode.lang.sh; };
		7B9B40331AC14EB6002EDD01 /* _ObjC_Tests.xctest */ = {isa = PBXFileReference; explicitFileType = wrapper.cfbundle; includeInIndex = 0; path = _ObjC_Tests.xctest; sourceTree = BUILT_PRODUCTS_DIR; };
		7B9B403E1AC14ED5002EDD01 /* .travis.yml */ = {isa = PBXFileReference; lastKnownFileType = text; path = .travis.yml; sourceTree = SOURCE_ROOT; };
		7B9B40411AC14ED5002EDD01 /* _ObjC_Tool.m */ = {isa = PBXFileReference; lastKnownFileType = sourcecode.c.objc; lineEnding = 0; name = _ObjC_Tool.m; path = _ObjC/_ObjC_Tool.m; sourceTree = SOURCE_ROOT; wrapsLines = 0; xcLanguageSpecificationIdentifier = xcode.lang.objc; };
		7B9B40451AC14ED5002EDD01 /* README.md */ = {isa = PBXFileReference; lastKnownFileType = net.daringfireball.markdown; lineEnding = 0; path = README.md; sourceTree = SOURCE_ROOT; wrapsLines = 1; xcLanguageSpecificationIdentifier = xcode.lang.markdown; };
		7B9B404F1AC14F6E002EDD01 /* _ObjC_Tests.m */ = {isa = PBXFileReference; fileEncoding = 4; lastKnownFileType = sourcecode.c.objc; lineEnding = 0; name = _ObjC_Tests.m; path = _ObjC/_ObjC_Tests.m; sourceTree = SOURCE_ROOT; xcLanguageSpecificationIdentifier = xcode.lang.objc; };
		7BA79BEC1B6257E900A7E31D /* _ObjC_Migrator.m */ = {isa = PBXFileReference; fileEncoding = 4; lastKnownFileType = sourcecode.c.objc; name = _ObjC_Migrator.m; path = _ObjC/_ObjC_Migrator.m; sourceTree = "<group>"; };
		7BB313D81AE5E35500BF1DBA /* _ObjC.svg */ = {isa = PBXFileReference; lastKnownFileType = text.xml; name = _ObjC.svg; path = _ObjC/_ObjC.svg; sourceTree = "<group>"; };
		7BB414D91ACE62F70024D285 /* _ObjC_Template.h */ = {isa = PBXFileReference; lastKnownFileType = sourcecode.c.h; lineEnding = 0; name = _ObjC_Template.h; path = _ObjC/_ObjC_Template.h; sourceTree = "<group>"; wrapsLines = 0; xcLanguageSpecificationIdentifier = xcode.lang.objc; };
		7BC4594A1AD68DAA0097F508 /* _ObjC_Tool */ = {isa = PBXFileReference; explicitFileType = "compiled.mach-o.executable"; includeInIndex = 0; path = _ObjC_Tool; sourceTree = BUILT_PRODUCTS_DIR; };
		7BC4594E1AD6955F0097F508 /* _ObjC.h */ = {isa = PBXFileReference; lastKnownFileType = sourcecode.c.h; name = _ObjC.h; path = ../_ObjC.h; sourceTree = BUILT_PRODUCTS_DIR; };
		7BF684AB1ACD7AD300C06D22 /* _ObjC.plist */ = {isa = PBXFileReference; lastKnownFileType = text.plist; name = _ObjC.plist; path = _ObjC/_ObjC.plist; sourceTree = SOURCE_ROOT; xcLanguageSpecificationIdentifier = xcode.lang.simpleColoring; };
		7BFDE1971AE14F6C0012A607 /* _ObjC_Tool.pch */ = {isa = PBXFileReference; lastKnownFileType = sourcecode.c.h; lineEnding = 0; name = _ObjC_Tool.pch; path = _ObjC/_ObjC_Tool.pch; sourceTree = "<group>"; xcLanguageSpecificationIdentifier = xcode.lang.objc; };
/* End PBXFileReference section */

/* Begin PBXGroup section */
		7B6A90D01B66B16E0061FEAC /* Products */ = {
			isa = PBXGroup;
			children = (
				7BC4594A1AD68DAA0097F508 /* _ObjC_Tool */,
				7B9B40331AC14EB6002EDD01 /* _ObjC_Tests.xctest */,
			);
			name = Products;
			sourceTree = "<group>";
		};
		7B9B40251AC14E7D002EDD01 = {
			isa = PBXGroup;
			children = (
				7BC4594E1AD6955F0097F508 /* _ObjC.h */,
				7BF684AB1ACD7AD300C06D22 /* _ObjC.plist */,
				7BB414D91ACE62F70024D285 /* _ObjC_Template.h */,
				7B9B40451AC14ED5002EDD01 /* README.md */,
				7BC4594B1AD68DCA0097F508 /* _ObjC, etc */,
				7B6A90D01B66B16E0061FEAC /* Products */,
			);
			sourceTree = "<group>";
		};
		7BC4594B1AD68DCA0097F508 /* _ObjC, etc */ = {
			isa = PBXGroup;
			children = (
				7B0E207F1AEA54B900C955CF /* Universal.xcconfig */,
				7B9B403E1AC14ED5002EDD01 /* .travis.yml */,
				7B32D8A31AE5873C00062CB8 /* Makefile */,
				7B9B40411AC14ED5002EDD01 /* _ObjC_Tool.m */,
				7BA79BEC1B6257E900A7E31D /* _ObjC_Migrator.m */,
				7BFDE1971AE14F6C0012A607 /* _ObjC_Tool.pch */,
				7B9B404F1AC14F6E002EDD01 /* _ObjC_Tests.m */,
				7BB313D81AE5E35500BF1DBA /* _ObjC.svg */,
			);
			name = "_ObjC, etc";
			sourceTree = "<group>";
		};
/* End PBXGroup section */

/* Begin PBXLegacyTarget section */
		7B32D89D1AE5864300062CB8 /* _ObjC */ = {
			isa = PBXLegacyTarget;
			buildArgumentsString = "$(ACTION)";
			buildConfigurationList = 7B32D89E1AE5864300062CB8 /* Build configuration list for PBXLegacyTarget "_ObjC" */;
			buildPhases = (
			);
			buildToolPath = /usr/bin/make;
			buildWorkingDirectory = "";
			dependencies = (
			);
			name = _ObjC;
			passBuildSettingsInEnvironment = 1;
			productName = _ObjC_Clean;
		};
/* End PBXLegacyTarget section */

/* Begin PBXNativeTarget section */
		7B3835791AC681C700D617B9 /* _ObjC_Tool */ = {
			isa = PBXNativeTarget;
			buildConfigurationList = 7B38357E1AC681C700D617B9 /* Build configuration list for PBXNativeTarget "_ObjC_Tool" */;
			buildPhases = (
				7B3835761AC681C700D617B9 /* Sources */,
			);
			buildRules = (
			);
			dependencies = (
			);
			name = _ObjC_Tool;
			productName = _migrate;
			productReference = 7BC4594A1AD68DAA0097F508 /* _ObjC_Tool */;
			productType = "com.apple.product-type.tool";
		};
		7B9B40321AC14EB6002EDD01 /* _ObjC_Tests */ = {
			isa = PBXNativeTarget;
			buildConfigurationList = 7B9B403A1AC14EB6002EDD01 /* Build configuration list for PBXNativeTarget "_ObjC_Tests" */;
			buildPhases = (
				7B9B402F1AC14EB6002EDD01 /* Sources */,
			);
			buildRules = (
			);
			dependencies = (
			);
			name = _ObjC_Tests;
			productName = "_ObjC Tests";
			productReference = 7B9B40331AC14EB6002EDD01 /* _ObjC_Tests.xctest */;
			productType = "com.apple.product-type.bundle.unit-test";
		};
/* End PBXNativeTarget section */

/* Begin PBXProject section */
		7B9B40261AC14E7D002EDD01 /* Project object */ = {
			isa = PBXProject;
			attributes = {
				LastUpgradeCheck = 0700;
				TargetAttributes = {
					7B32D89D1AE5864300062CB8 = {
						CreatedOnToolsVersion = 6.3;
					};
					7B3835791AC681C700D617B9 = {
						CreatedOnToolsVersion = 6.3;
					};
					7B9B40321AC14EB6002EDD01 = {
						CreatedOnToolsVersion = 6.3;
					};
				};
			};
			buildConfigurationList = 7B9B40291AC14E7D002EDD01 /* Build configuration list for PBXProject "_ObjC" */;
			compatibilityVersion = "Xcode 3.2";
			developmentRegion = English;
			hasScannedForEncodings = 0;
			knownRegions = (
				en,
			);
			mainGroup = 7B9B40251AC14E7D002EDD01;
			productRefGroup = 7B9B40251AC14E7D002EDD01;
			projectDirPath = "";
			projectRoot = "";
			targets = (
				7B32D89D1AE5864300062CB8 /* _ObjC */,
				7B3835791AC681C700D617B9 /* _ObjC_Tool */,
				7B9B40321AC14EB6002EDD01 /* _ObjC_Tests */,
			);
		};
/* End PBXProject section */

/* Begin PBXSourcesBuildPhase section */
		7B3835761AC681C700D617B9 /* Sources */ = {
			isa = PBXSourcesBuildPhase;
			buildActionMask = 2147483647;
			files = (
				7B3835811AC681DA00D617B9 /* _ObjC_Tool.m in Sources */,
			);
			runOnlyForDeploymentPostprocessing = 0;
		};
		7B9B402F1AC14EB6002EDD01 /* Sources */ = {
			isa = PBXSourcesBuildPhase;
			buildActionMask = 2147483647;
			files = (
				7B9B40501AC14F6E002EDD01 /* _ObjC_Tests.m in Sources */,
			);
			runOnlyForDeploymentPostprocessing = 0;
		};
/* End PBXSourcesBuildPhase section */

/* Begin XCBuildConfiguration section */
		7B32D89F1AE5864300062CB8 /* Release */ = {
			isa = XCBuildConfiguration;
			baseConfigurationReference = 7B0E207F1AEA54B900C955CF /* Universal.xcconfig */;
			buildSettings = {
			};
			name = Release;
		};
		7B32D8A01AE5864300062CB8 /* Debug */ = {
			isa = XCBuildConfiguration;
			baseConfigurationReference = 7B0E207F1AEA54B900C955CF /* Universal.xcconfig */;
			buildSettings = {
			};
			name = Debug;
		};
		7B38357F1AC681C700D617B9 /* Release */ = {
			isa = XCBuildConfiguration;
			buildSettings = {
				GCC_OPTIMIZATION_LEVEL = 0;
				GCC_PRECOMPILE_PREFIX_HEADER = YES;
				GCC_PREFIX_HEADER = _ObjC/_ObjC_Tool.pch;
				ONLY_ACTIVE_ARCH = YES;
				SDKROOT = macosx;
			};
			name = Release;
		};
		7B9B402A1AC14E7D002EDD01 /* Release */ = {
			isa = XCBuildConfiguration;
			buildSettings = {
				CLANG_ENABLE_MODULES = YES;
				CLANG_ENABLE_OBJC_ARC = YES;
				OTHER_LDFLAGS = (
					"-framework",
					Foundation,
				);
				PRODUCT_NAME = "$(TARGET_NAME)";
				SDKROOT = macosx10.10;
			};
			name = Release;
		};
		7B9B403B1AC14EB6002EDD01 /* Release */ = {
			isa = XCBuildConfiguration;
			baseConfigurationReference = 7B0E207F1AEA54B900C955CF /* Universal.xcconfig */;
			buildSettings = {
				CLANG_ENABLE_MODULES = YES;
				CLANG_ENABLE_OBJC_ARC = YES;
				COMBINE_HIDPI_IMAGES = YES;
				COPY_PHASE_STRIP = NO;
				FRAMEWORK_SEARCH_PATHS = "$(DEVELOPER_FRAMEWORKS_DIR)";
				GCC_NO_COMMON_BLOCKS = YES;
				GCC_OPTIMIZATION_LEVEL = 0;
				HEADER_SEARCH_PATHS = (
					"$(inherited)",
					/Applications/Xcode.app/Contents/Developer/Toolchains/OSX10.10.xctoolchain/usr/include,
					"$(BUILT_PRODUCTS_DIR)/..",
				);
				LD_RUNPATH_SEARCH_PATHS = "$(inherited) @executable_path/../Frameworks @loader_path/../Frameworks";
				PRODUCT_NAME = "$(TARGET_NAME)";
				SDKROOT = macosx;
			};
			name = Release;
		};
		7BC459581AD6BD420097F508 /* Debug */ = {
			isa = XCBuildConfiguration;
			buildSettings = {
				CLANG_ENABLE_MODULES = YES;
				CLANG_ENABLE_OBJC_ARC = YES;
				OTHER_LDFLAGS = (
					"-framework",
					Foundation,
				);
				PRODUCT_NAME = "$(TARGET_NAME)";
				SDKROOT = macosx10.10;
			};
			name = Debug;
		};
		7BC4595A1AD6BD420097F508 /* Debug */ = {
			isa = XCBuildConfiguration;
			buildSettings = {
				GCC_OPTIMIZATION_LEVEL = 0;
				GCC_PRECOMPILE_PREFIX_HEADER = YES;
				GCC_PREFIX_HEADER = _ObjC/_ObjC_Tool.pch;
				ONLY_ACTIVE_ARCH = YES;
				SDKROOT = macosx;
			};
			name = Debug;
		};
		7BC4595B1AD6BD420097F508 /* Debug */ = {
			isa = XCBuildConfiguration;
			baseConfigurationReference = 7B0E207F1AEA54B900C955CF /* Universal.xcconfig */;
			buildSettings = {
				CLANG_ENABLE_MODULES = YES;
				CLANG_ENABLE_OBJC_ARC = YES;
				COMBINE_HIDPI_IMAGES = YES;
				COPY_PHASE_STRIP = NO;
				FRAMEWORK_SEARCH_PATHS = "$(DEVELOPER_FRAMEWORKS_DIR)";
				GCC_NO_COMMON_BLOCKS = YES;
				GCC_OPTIMIZATION_LEVEL = 0;
				HEADER_SEARCH_PATHS = (
					"$(inherited)",
					/Applications/Xcode.app/Contents/Developer/Toolchains/OSX10.10.xctoolchain/usr/include,
					"$(BUILT_PRODUCTS_DIR)/..",
				);
				LD_RUNPATH_SEARCH_PATHS = "$(inherited) @executable_path/../Frameworks @loader_path/../Frameworks";
				PRODUCT_NAME = "$(TARGET_NAME)";
				SDKROOT = macosx;
			};
			name = Debug;
		};
/* End XCBuildConfiguration section */

/* Begin XCConfigurationList section */
		7B32D89E1AE5864300062CB8 /* Build configuration list for PBXLegacyTarget "_ObjC" */ = {
			isa = XCConfigurationList;
			buildConfigurations = (
				7B32D89F1AE5864300062CB8 /* Release */,
				7B32D8A01AE5864300062CB8 /* Debug */,
			);
			defaultConfigurationIsVisible = 0;
			defaultConfigurationName = Debug;
		};
		7B38357E1AC681C700D617B9 /* Build configuration list for PBXNativeTarget "_ObjC_Tool" */ = {
			isa = XCConfigurationList;
			buildConfigurations = (
				7B38357F1AC681C700D617B9 /* Release */,
				7BC4595A1AD6BD420097F508 /* Debug */,
			);
			defaultConfigurationIsVisible = 0;
			defaultConfigurationName = Debug;
		};
		7B9B40291AC14E7D002EDD01 /* Build configuration list for PBXProject "_ObjC" */ = {
			isa = XCConfigurationList;
			buildConfigurations = (
				7B9B402A1AC14E7D002EDD01 /* Release */,
				7BC459581AD6BD420097F508 /* Debug */,
			);
			defaultConfigurationIsVisible = 0;
			defaultConfigurationName = Debug;
		};
		7B9B403A1AC14EB6002EDD01 /* Build configuration list for PBXNativeTarget "_ObjC_Tests" */ = {
			isa = XCConfigurationList;
			buildConfigurations = (
				7B9B403B1AC14EB6002EDD01 /* Release */,
				7BC4595B1AD6BD420097F508 /* Debug */,
			);
			defaultConfigurationIsVisible = 0;
			defaultConfigurationName = Debug;
		};
/* End XCConfigurationList section */
	};
	rootObject = 7B9B40261AC14E7D002EDD01 /* Project object */;
}
