// !$*UTF8*$!
{
	archiveVersion = 1;
	classes = {
	};
	objectVersion = 46;
	objects = {

/* Begin PBXAggregateTarget section */
		7BC0FABC1AD31A6300EB9A0A /* _ObjC */ = {
			isa = PBXAggregateTarget;
			buildConfigurationList = 7BC0FABD1AD31A6300EB9A0A /* Build configuration list for PBXAggregateTarget "_ObjC" */;
			buildPhases = (
				7BC0FAC21AD31A6A00EB9A0A /* ShellScript */,
			);
			dependencies = (
				7BC0FAC11AD31A6800EB9A0A /* PBXTargetDependency */,
			);
			name = _ObjC;
			productName = OBJC;
		};
/* End PBXAggregateTarget section */

/* Begin PBXBuildFile section */
		7B3835811AC681DA00D617B9 /* _ObjC_Tool.m in Sources */ = {isa = PBXBuildFile; fileRef = 7B9B40411AC14ED5002EDD01 /* _ObjC_Tool.m */; };
		7B9B40501AC14F6E002EDD01 /* _ObjC_Tests.m in Sources */ = {isa = PBXBuildFile; fileRef = 7B9B404F1AC14F6E002EDD01 /* _ObjC_Tests.m */; };
/* End PBXBuildFile section */

/* Begin PBXBuildRule section */
		7BB415351ACEB67A0024D285 /* PBXBuildRule */ = {
			isa = PBXBuildRule;
			compilerSpec = com.apple.compilers.proxy.script;
			fileType = pattern.proxy;
			isEditable = 1;
			outputFiles = (
			);
			script = "";
		};
/* End PBXBuildRule section */

/* Begin PBXContainerItemProxy section */
		7BC0FAC01AD31A6800EB9A0A /* PBXContainerItemProxy */ = {
			isa = PBXContainerItemProxy;
			containerPortal = 7B9B40261AC14E7D002EDD01 /* Project object */;
			proxyType = 1;
			remoteGlobalIDString = 7B3835791AC681C700D617B9;
			remoteInfo = _ObjC_Tool;
		};
/* End PBXContainerItemProxy section */

/* Begin PBXFileReference section */
		7B380C881ACADE6B00285B4E /* RegExCategories.h */ = {isa = PBXFileReference; fileEncoding = 4; lastKnownFileType = sourcecode.c.h; name = RegExCategories.h; path = "Objective-C-RegEx-Categories/RegExCategories.h"; sourceTree = "<group>"; };
		7B380C891ACADE6B00285B4E /* RegExCategories.m */ = {isa = PBXFileReference; fileEncoding = 4; lastKnownFileType = sourcecode.c.objc; name = RegExCategories.m; path = "Objective-C-RegEx-Categories/RegExCategories.m"; sourceTree = "<group>"; };
		7B380C8D1ACAF5A100285B4E /* _ObjC.xcspec */ = {isa = PBXFileReference; lastKnownFileType = text.plist.xcspec; path = _ObjC.xcspec; sourceTree = "<group>"; };
		7B380C8E1ACAF64500285B4E /* _ObjC.xclangspec */ = {isa = PBXFileReference; fileEncoding = 4; lastKnownFileType = text.plist.xclangspec; path = _ObjC.xclangspec; sourceTree = "<group>"; };
		7B38357A1AC681C700D617B9 /* _ObjC_Tool */ = {isa = PBXFileReference; explicitFileType = "compiled.mach-o.executable"; includeInIndex = 0; path = _ObjC_Tool; sourceTree = BUILT_PRODUCTS_DIR; };
		7B6BBBE21AD2F9DE0057802A /* LICENSE */ = {isa = PBXFileReference; lastKnownFileType = text; path = LICENSE; sourceTree = "<group>"; };
		7B8BD9631AC67C6C001DD440 /* _ObjC.trashedplist */ = {isa = PBXFileReference; fileEncoding = 4; lastKnownFileType = text; name = _ObjC.trashedplist; path = excludes/_ObjC.trashedplist; sourceTree = "<group>"; };
		7B905BCB1ACB1FFC00795D14 /* _ObjC_install.zsh */ = {isa = PBXFileReference; lastKnownFileType = text.script.sh; path = _ObjC_install.zsh; sourceTree = "<group>"; };
		7B9B40331AC14EB6002EDD01 /* _ObjC_Tests.xctest */ = {isa = PBXFileReference; explicitFileType = wrapper.cfbundle; includeInIndex = 0; path = _ObjC_Tests.xctest; sourceTree = BUILT_PRODUCTS_DIR; };
		7B9B403D1AC14ED5002EDD01 /* Makefile */ = {isa = PBXFileReference; lastKnownFileType = sourcecode.make; path = Makefile; sourceTree = "<group>"; };
		7B9B403E1AC14ED5002EDD01 /* .travis.yml */ = {isa = PBXFileReference; lastKnownFileType = text; path = .travis.yml; sourceTree = "<group>"; };
		7B9B403F1AC14ED5002EDD01 /* _ObjC.classic.h */ = {isa = PBXFileReference; lastKnownFileType = sourcecode.c.h; lineEnding = 0; name = _ObjC.classic.h; path = excludes/_ObjC.classic.h; sourceTree = "<group>"; xcLanguageSpecificationIdentifier = xcode.lang.objcpp; };
		7B9B40411AC14ED5002EDD01 /* _ObjC_Tool.m */ = {isa = PBXFileReference; lastKnownFileType = sourcecode.c.objc; name = _ObjC_Tool.m; path = _ObjC/_ObjC_Tool.m; sourceTree = SOURCE_ROOT; wrapsLines = 0; };
		7B9B40421AC14ED5002EDD01 /* INSTALL.command */ = {isa = PBXFileReference; lastKnownFileType = text.script.sh; name = INSTALL.command; path = excludes/INSTALL.command; sourceTree = "<group>"; };
		7B9B40431AC14ED5002EDD01 /* ObjCIfy.app */ = {isa = PBXFileReference; lastKnownFileType = wrapper.application; name = ObjCIfy.app; path = excludes/ObjCIfy.app; sourceTree = "<group>"; };
		7B9B40441AC14ED5002EDD01 /* ObjCIfy.platypus */ = {isa = PBXFileReference; lastKnownFileType = text.xml; name = ObjCIfy.platypus; path = excludes/ObjCIfy.platypus; sourceTree = "<group>"; };
		7B9B40451AC14ED5002EDD01 /* README.md */ = {isa = PBXFileReference; lastKnownFileType = net.daringfireball.markdown; path = README.md; sourceTree = "<group>"; };
		7B9B40461AC14ED5002EDD01 /* scratch.sh */ = {isa = PBXFileReference; lastKnownFileType = text.script.sh; path = scratch.sh; sourceTree = "<group>"; };
		7B9B404F1AC14F6E002EDD01 /* _ObjC_Tests.m */ = {isa = PBXFileReference; fileEncoding = 4; lastKnownFileType = sourcecode.c.objc; lineEnding = 0; path = _ObjC_Tests.m; sourceTree = "<group>"; xcLanguageSpecificationIdentifier = xcode.lang.objc; };
		7BB414D91ACE62F70024D285 /* _ObjC_Template.h */ = {isa = PBXFileReference; lastKnownFileType = sourcecode.c.h; lineEnding = 0; name = _ObjC_Template.h; path = _ObjC/_ObjC_Template.h; sourceTree = "<group>"; xcLanguageSpecificationIdentifier = xcode.lang.objcpp; };
		7BF684A71ACD76EE00C06D22 /* _ObjC.pch */ = {isa = PBXFileReference; lastKnownFileType = sourcecode.c.h; path = _ObjC.pch; sourceTree = "<group>"; };
		7BF684AB1ACD7AD300C06D22 /* _ObjC.plist */ = {isa = PBXFileReference; lastKnownFileType = text.plist; name = _ObjC.plist; path = _ObjC/_ObjC.plist; sourceTree = "<group>"; xcLanguageSpecificationIdentifier = xcode.lang.simpleColoring; };
		7BF684AC1ACDDE9000C06D22 /* _ObjC.h */ = {isa = PBXFileReference; lastKnownFileType = sourcecode.c.h; lineEnding = 0; path = _ObjC.h; sourceTree = BUILT_PRODUCTS_DIR; xcLanguageSpecificationIdentifier = xcode.lang.objcpp; };
/* End PBXFileReference section */

/* Begin PBXGroup section */
		7B179CE51ACEC7DC00670408 /* _ObjC */ = {
			isa = PBXGroup;
			children = (
				7B9B40451AC14ED5002EDD01 /* README.md */,
				7B6BBBE21AD2F9DE0057802A /* LICENSE */,
				7B38357A1AC681C700D617B9 /* _ObjC_Tool */,
				7B9B40331AC14EB6002EDD01 /* _ObjC_Tests.xctest */,
				7B9B40521AC14FB0002EDD01 /* Unused */,
				7B9B404F1AC14F6E002EDD01 /* _ObjC_Tests.m */,
				7B380C881ACADE6B00285B4E /* RegExCategories.h */,
				7B380C891ACADE6B00285B4E /* RegExCategories.m */,
			);
			name = _ObjC;
			sourceTree = "<group>";
		};
		7B380C8C1ACAF54E00285B4E /* Xcode */ = {
			isa = PBXGroup;
			children = (
				7B380C8E1ACAF64500285B4E /* _ObjC.xclangspec */,
				7B905BCB1ACB1FFC00795D14 /* _ObjC_install.zsh */,
				7B380C8D1ACAF5A100285B4E /* _ObjC.xcspec */,
			);
			name = Xcode;
			path = excludes/Xcode;
			sourceTree = "<group>";
		};
		7B9B40251AC14E7D002EDD01 = {
			isa = PBXGroup;
			children = (
				7BF684AC1ACDDE9000C06D22 /* _ObjC.h */,
				7BF684AB1ACD7AD300C06D22 /* _ObjC.plist */,
				7BB414D91ACE62F70024D285 /* _ObjC_Template.h */,
				7B9B40411AC14ED5002EDD01 /* _ObjC_Tool.m */,
				7BF684A71ACD76EE00C06D22 /* _ObjC.pch */,
				7B179CE51ACEC7DC00670408 /* _ObjC */,
			);
			sourceTree = "<group>";
		};
		7B9B40521AC14FB0002EDD01 /* Unused */ = {
			isa = PBXGroup;
			children = (
				7B9B403D1AC14ED5002EDD01 /* Makefile */,
				7B380C8C1ACAF54E00285B4E /* Xcode */,
				7B8BD9631AC67C6C001DD440 /* _ObjC.trashedplist */,
				7B9B403E1AC14ED5002EDD01 /* .travis.yml */,
				7B9B403F1AC14ED5002EDD01 /* _ObjC.classic.h */,
				7B9B40421AC14ED5002EDD01 /* INSTALL.command */,
				7B9B40431AC14ED5002EDD01 /* ObjCIfy.app */,
				7B9B40441AC14ED5002EDD01 /* ObjCIfy.platypus */,
				7B9B40461AC14ED5002EDD01 /* scratch.sh */,
			);
			name = Unused;
			sourceTree = "<group>";
		};
/* End PBXGroup section */

/* Begin PBXNativeTarget section */
		7B3835791AC681C700D617B9 /* _ObjC_Tool */ = {
			isa = PBXNativeTarget;
			buildConfigurationList = 7B38357E1AC681C700D617B9 /* Build configuration list for PBXNativeTarget "_ObjC_Tool" */;
			buildPhases = (
				7B3835761AC681C700D617B9 /* Sources */,
			);
			buildRules = (
				7BB415351ACEB67A0024D285 /* PBXBuildRule */,
			);
			dependencies = (
			);
			name = _ObjC_Tool;
			productName = _migrate;
			productReference = 7B38357A1AC681C700D617B9 /* _ObjC_Tool */;
			productType = "com.apple.product-type.tool";
		};
		7B9B40321AC14EB6002EDD01 /* _ObjC_Tests */ = {
			isa = PBXNativeTarget;
			buildConfigurationList = 7B9B403A1AC14EB6002EDD01 /* Build configuration list for PBXNativeTarget "_ObjC_Tests" */;
			buildPhases = (
				7B9B402F1AC14EB6002EDD01 /* Sources */,
			);
			buildRules = (
			);
			dependencies = (
			);
			name = _ObjC_Tests;
			productName = "_ObjC Tests";
			productReference = 7B9B40331AC14EB6002EDD01 /* _ObjC_Tests.xctest */;
			productType = "com.apple.product-type.bundle.unit-test";
		};
/* End PBXNativeTarget section */

/* Begin PBXProject section */
		7B9B40261AC14E7D002EDD01 /* Project object */ = {
			isa = PBXProject;
			attributes = {
				LastUpgradeCheck = 0630;
				TargetAttributes = {
					7B3835791AC681C700D617B9 = {
						CreatedOnToolsVersion = 6.3;
					};
					7B9B40321AC14EB6002EDD01 = {
						CreatedOnToolsVersion = 6.3;
					};
					7BC0FABC1AD31A6300EB9A0A = {
						CreatedOnToolsVersion = 6.3;
					};
				};
			};
			buildConfigurationList = 7B9B40291AC14E7D002EDD01 /* Build configuration list for PBXProject "_ObjC" */;
			compatibilityVersion = "Xcode 3.2";
			developmentRegion = English;
			hasScannedForEncodings = 0;
			knownRegions = (
				en,
			);
			mainGroup = 7B9B40251AC14E7D002EDD01;
			productRefGroup = 7B9B40251AC14E7D002EDD01;
			projectDirPath = "";
			projectRoot = "";
			targets = (
				7BC0FABC1AD31A6300EB9A0A /* _ObjC */,
				7B3835791AC681C700D617B9 /* _ObjC_Tool */,
				7B9B40321AC14EB6002EDD01 /* _ObjC_Tests */,
			);
		};
/* End PBXProject section */

/* Begin PBXShellScriptBuildPhase section */
		7BC0FAC21AD31A6A00EB9A0A /* ShellScript */ = {
			isa = PBXShellScriptBuildPhase;
			buildActionMask = 2147483647;
			files = (
			);
			inputPaths = (
				"$(SRCROOT)/$(PROJECT_NAME)/$(PROJECT_NAME).plist",
				"$(SRCROOT)/$(PROJECT_NAME)/$(PROJECT_NAME)_Template.h",
				"$(SRCROOT)/$(PROJECT_NAME)/$(PROJECT_NAME)_Tool.m",
			);
			outputPaths = (
				"$(BUILT_PRODUCTS_DIR)/$(PROJECT_NAME).h",
				"$(SRCROOT)/$(PROJECT_NAME).h",
			);
			runOnlyForDeploymentPostprocessing = 0;
			shellPath = /bin/sh;
			shellScript = "    TOOL=\"${BUILT_PRODUCTS_DIR}/${PROJECT_NAME}_Tool\"\n   PLIST=\"$SCRIPT_INPUT_FILE_0\"\nTEMPLATE=\"$SCRIPT_INPUT_FILE_1\"\n     OUT=( \"$SCRIPT_OUTPUT_FILE_0\" \"$SCRIPT_OUTPUT_FILE_1\" )\n\n\"$TOOL\" -t \"$TEMPLATE\" -plist \"$PLIST\" -o ${OUT[@]}\n";
		};
/* End PBXShellScriptBuildPhase section */

/* Begin PBXSourcesBuildPhase section */
		7B3835761AC681C700D617B9 /* Sources */ = {
			isa = PBXSourcesBuildPhase;
			buildActionMask = 2147483647;
			files = (
				7B3835811AC681DA00D617B9 /* _ObjC_Tool.m in Sources */,
			);
			runOnlyForDeploymentPostprocessing = 0;
		};
		7B9B402F1AC14EB6002EDD01 /* Sources */ = {
			isa = PBXSourcesBuildPhase;
			buildActionMask = 2147483647;
			files = (
				7B9B40501AC14F6E002EDD01 /* _ObjC_Tests.m in Sources */,
			);
			runOnlyForDeploymentPostprocessing = 0;
		};
/* End PBXSourcesBuildPhase section */

/* Begin PBXTargetDependency section */
		7BC0FAC11AD31A6800EB9A0A /* PBXTargetDependency */ = {
			isa = PBXTargetDependency;
			target = 7B3835791AC681C700D617B9 /* _ObjC_Tool */;
			targetProxy = 7BC0FAC01AD31A6800EB9A0A /* PBXContainerItemProxy */;
		};
/* End PBXTargetDependency section */

/* Begin XCBuildConfiguration section */
		7B38357F1AC681C700D617B9 /* Debug */ = {
			isa = XCBuildConfiguration;
			buildSettings = {
				CLANG_ENABLE_MODULES = YES;
				CLANG_ENABLE_OBJC_ARC = YES;
				CLANG_WARN_BOOL_CONVERSION = YES;
				CLANG_WARN_CONSTANT_CONVERSION = YES;
				CLANG_WARN_DIRECT_OBJC_ISA_USAGE = YES_ERROR;
				CLANG_WARN_EMPTY_BODY = YES;
				CLANG_WARN_ENUM_CONVERSION = YES;
				CLANG_WARN_INT_CONVERSION = YES;
				CLANG_WARN_OBJC_ROOT_CLASS = YES_ERROR;
				CLANG_WARN_UNREACHABLE_CODE = YES;
				CLANG_WARN__DUPLICATE_METHOD_MATCH = YES;
				COPY_PHASE_STRIP = NO;
				GCC_INCREASE_PRECOMPILED_HEADER_SHARING = YES;
				GCC_OPTIMIZATION_LEVEL = 0;
				GCC_PRECOMPILE_PREFIX_HEADER = YES;
				GCC_PREFIX_HEADER = _ObjC.pch;
				GCC_SYMBOLS_PRIVATE_EXTERN = NO;
				GCC_WARN_64_TO_32_BIT_CONVERSION = YES;
				GCC_WARN_ABOUT_RETURN_TYPE = YES_ERROR;
				GCC_WARN_UNDECLARED_SELECTOR = YES;
				GCC_WARN_UNINITIALIZED_AUTOS = YES_AGGRESSIVE;
				GCC_WARN_UNUSED_FUNCTION = YES;
				GCC_WARN_UNUSED_VARIABLE = YES;
				PRECOMPS_INCLUDE_HEADERS_FROM_BUILT_PRODUCTS_DIR = NO;
				PRODUCT_NAME = "$(TARGET_NAME)";
				SCAN_ALL_SOURCE_FILES_FOR_INCLUDES = YES;
			};
			name = Debug;
		};
		7B3835801AC681C700D617B9 /* Release */ = {
			isa = XCBuildConfiguration;
			buildSettings = {
				CLANG_ENABLE_MODULES = YES;
				CLANG_ENABLE_OBJC_ARC = YES;
				CLANG_WARN_BOOL_CONVERSION = YES;
				CLANG_WARN_CONSTANT_CONVERSION = YES;
				CLANG_WARN_DIRECT_OBJC_ISA_USAGE = YES_ERROR;
				CLANG_WARN_EMPTY_BODY = YES;
				CLANG_WARN_ENUM_CONVERSION = YES;
				CLANG_WARN_INT_CONVERSION = YES;
				CLANG_WARN_OBJC_ROOT_CLASS = YES_ERROR;
				CLANG_WARN_UNREACHABLE_CODE = YES;
				CLANG_WARN__DUPLICATE_METHOD_MATCH = YES;
				COPY_PHASE_STRIP = NO;
				ENABLE_NS_ASSERTIONS = NO;
				GCC_INCREASE_PRECOMPILED_HEADER_SHARING = YES;
				GCC_PRECOMPILE_PREFIX_HEADER = YES;
				GCC_PREFIX_HEADER = _ObjC.pch;
				GCC_WARN_64_TO_32_BIT_CONVERSION = YES;
				GCC_WARN_ABOUT_RETURN_TYPE = YES_ERROR;
				GCC_WARN_UNDECLARED_SELECTOR = YES;
				GCC_WARN_UNINITIALIZED_AUTOS = YES_AGGRESSIVE;
				GCC_WARN_UNUSED_FUNCTION = YES;
				GCC_WARN_UNUSED_VARIABLE = YES;
				PRECOMPS_INCLUDE_HEADERS_FROM_BUILT_PRODUCTS_DIR = NO;
				PRODUCT_NAME = "$(TARGET_NAME)";
				SCAN_ALL_SOURCE_FILES_FOR_INCLUDES = YES;
			};
			name = Release;
		};
		7B9B402A1AC14E7D002EDD01 /* Debug */ = {
			isa = XCBuildConfiguration;
			buildSettings = {
				GCC_C_LANGUAGE_STANDARD = c11;
				IPHONEOS_DEPLOYMENT_TARGET = 6.0;
				MACOSX_DEPLOYMENT_TARGET = 10.7;
			};
			name = Debug;
		};
		7B9B402B1AC14E7D002EDD01 /* Release */ = {
			isa = XCBuildConfiguration;
			buildSettings = {
				GCC_C_LANGUAGE_STANDARD = c11;
				IPHONEOS_DEPLOYMENT_TARGET = 6.0;
				MACOSX_DEPLOYMENT_TARGET = 10.7;
			};
			name = Release;
		};
		7B9B403B1AC14EB6002EDD01 /* Debug */ = {
			isa = XCBuildConfiguration;
			buildSettings = {
				ALWAYS_SEARCH_USER_PATHS = NO;
				CLANG_ENABLE_MODULES = YES;
				CLANG_ENABLE_OBJC_ARC = YES;
				COMBINE_HIDPI_IMAGES = YES;
				COPY_PHASE_STRIP = NO;
				FRAMEWORK_SEARCH_PATHS = "$(DEVELOPER_FRAMEWORKS_DIR)";
				GCC_NO_COMMON_BLOCKS = YES;
				GCC_OPTIMIZATION_LEVEL = 0;
				LD_RUNPATH_SEARCH_PATHS = "$(inherited) @executable_path/../Frameworks @loader_path/../Frameworks";
				PRODUCT_NAME = "$(TARGET_NAME)";
			};
			name = Debug;
		};
		7B9B403C1AC14EB6002EDD01 /* Release */ = {
			isa = XCBuildConfiguration;
			buildSettings = {
				ALWAYS_SEARCH_USER_PATHS = NO;
				CLANG_ENABLE_MODULES = YES;
				CLANG_ENABLE_OBJC_ARC = YES;
				COMBINE_HIDPI_IMAGES = YES;
				COPY_PHASE_STRIP = NO;
				FRAMEWORK_SEARCH_PATHS = "$(DEVELOPER_FRAMEWORKS_DIR)";
				GCC_NO_COMMON_BLOCKS = YES;
				LD_RUNPATH_SEARCH_PATHS = "$(inherited) @executable_path/../Frameworks @loader_path/../Frameworks";
				PRODUCT_NAME = "$(TARGET_NAME)";
			};
			name = Release;
		};
		7BC0FABE1AD31A6300EB9A0A /* Debug */ = {
			isa = XCBuildConfiguration;
			buildSettings = {
				PRODUCT_NAME = "$(TARGET_NAME)";
			};
			name = Debug;
		};
		7BC0FABF1AD31A6300EB9A0A /* Release */ = {
			isa = XCBuildConfiguration;
			buildSettings = {
				PRODUCT_NAME = "$(TARGET_NAME)";
			};
			name = Release;
		};
/* End XCBuildConfiguration section */

/* Begin XCConfigurationList section */
		7B38357E1AC681C700D617B9 /* Build configuration list for PBXNativeTarget "_ObjC_Tool" */ = {
			isa = XCConfigurationList;
			buildConfigurations = (
				7B38357F1AC681C700D617B9 /* Debug */,
				7B3835801AC681C700D617B9 /* Release */,
			);
			defaultConfigurationIsVisible = 0;
			defaultConfigurationName = Debug;
		};
		7B9B40291AC14E7D002EDD01 /* Build configuration list for PBXProject "_ObjC" */ = {
			isa = XCConfigurationList;
			buildConfigurations = (
				7B9B402A1AC14E7D002EDD01 /* Debug */,
				7B9B402B1AC14E7D002EDD01 /* Release */,
			);
			defaultConfigurationIsVisible = 0;
			defaultConfigurationName = Debug;
		};
		7B9B403A1AC14EB6002EDD01 /* Build configuration list for PBXNativeTarget "_ObjC_Tests" */ = {
			isa = XCConfigurationList;
			buildConfigurations = (
				7B9B403B1AC14EB6002EDD01 /* Debug */,
				7B9B403C1AC14EB6002EDD01 /* Release */,
			);
			defaultConfigurationIsVisible = 0;
			defaultConfigurationName = Debug;
		};
		7BC0FABD1AD31A6300EB9A0A /* Build configuration list for PBXAggregateTarget "_ObjC" */ = {
			isa = XCConfigurationList;
			buildConfigurations = (
				7BC0FABE1AD31A6300EB9A0A /* Debug */,
				7BC0FABF1AD31A6300EB9A0A /* Release */,
			);
			defaultConfigurationIsVisible = 0;
			defaultConfigurationName = Debug;
		};
/* End XCConfigurationList section */
	};
	rootObject = 7B9B40261AC14E7D002EDD01 /* Project object */;
}
